
Microsoft Visual Studio Solution File, Format Version 12.00
# Visual Studio Version 17
VisualStudioVersion = 17.14.36811.4 d17.14
MinimumVisualStudioVersion = 10.0.40219.1
Project("{FAE04EC0-301F-11D3-BF4B-00C04F79EFBC}") = "AutoPartsWarehouse", "AutoPartsWarehouse\AutoPartsWarehouse.csproj", "{DDD95E85-64C2-457F-8803-2E63BAA5FB03}"
EndProject
Project("{FAE04EC0-301F-11D3-BF4B-00C04F79EFBC}") = "AutoPartsWarehouse.Tests", "AutoPartsWarehouse.Tests\AutoPartsWarehouse.Tests.csproj", "{1D79FEC7-5F12-4FF5-96D8-3A83D65CE7F2}"
EndProject
Global
	GlobalSection(SolutionConfigurationPlatforms) = preSolution
		Debug|Any CPU = Debug|Any CPU
		Release|Any CPU = Release|Any CPU
	EndGlobalSection
	GlobalSection(ProjectConfigurationPlatforms) = postSolution
		{DDD95E85-64C2-457F-8803-2E63BAA5FB03}.Debug|Any CPU.ActiveCfg = Debug|Any CPU
		{DDD95E85-64C2-457F-8803-2E63BAA5FB03}.Debug|Any CPU.Build.0 = Debug|Any CPU
		{DDD95E85-64C2-457F-8803-2E63BAA5FB03}.Release|Any CPU.ActiveCfg = Release|Any CPU
		{DDD95E85-64C2-457F-8803-2E63BAA5FB03}.Release|Any CPU.Build.0 = Release|Any CPU
		{1D79FEC7-5F12-4FF5-96D8-3A83D65CE7F2}.Debug|Any CPU.ActiveCfg = Debug|Any CPU
		{1D79FEC7-5F12-4FF5-96D8-3A83D65CE7F2}.Debug|Any CPU.Build.0 = Debug|Any CPU
		{1D79FEC7-5F12-4FF5-96D8-3A83D65CE7F2}.Release|Any CPU.ActiveCfg = Release|Any CPU
		{1D79FEC7-5F12-4FF5-96D8-3A83D65CE7F2}.Release|Any CPU.Build.0 = Release|Any CPU
	EndGlobalSection
	GlobalSection(SolutionProperties) = preSolution
		HideSolutionNode = FALSE
	EndGlobalSection
	GlobalSection(ExtensibilityGlobals) = postSolution
		SolutionGuid = {B8D4C1FB-5911-4A7E-82B2-3559CA5256F5}
	EndGlobalSection
EndGlobal
